
Microsoft Visual Studio Solution File, Format Version 12.00
# Visual Studio Version 16
VisualStudioVersion = 16.0.31702.278
MinimumVisualStudioVersion = 10.0.40219.1
Project("{FAE04EC0-301F-11D3-BF4B-00C04F79EFBC}") = "FormularioStackPanel", "FormularioStackPanel\FormularioStackPanel.csproj", "{36938610-3F28-4753-89A4-4082BAD91221}"
EndProject
Global
	GlobalSection(SolutionConfigurationPlatforms) = preSolution
		Debug|Any CPU = Debug|Any CPU
		Release|Any CPU = Release|Any CPU
	EndGlobalSection
	GlobalSection(ProjectConfigurationPlatforms) = postSolution
		{36938610-3F28-4753-89A4-4082BAD91221}.Debug|Any CPU.ActiveCfg = Debug|Any CPU
		{36938610-3F28-4753-89A4-4082BAD91221}.Debug|Any CPU.Build.0 = Debug|Any CPU
		{36938610-3F28-4753-89A4-4082BAD91221}.Release|Any CPU.ActiveCfg = Release|Any CPU
		{36938610-3F28-4753-89A4-4082BAD91221}.Release|Any CPU.Build.0 = Release|Any CPU
	EndGlobalSection
	GlobalSection(SolutionProperties) = preSolution
		HideSolutionNode = FALSE
	EndGlobalSection
	GlobalSection(ExtensibilityGlobals) = postSolution
		SolutionGuid = {DC3DFE8D-3303-4F6B-BEE6-C2862899949D}
	EndGlobalSection
EndGlobal
